// !$*UTF8*$!
{
	archiveVersion = 1;
	classes = {
	};
	objectVersion = 50;
	objects = {

/* Begin PBXBuildFile section */
		A38DDEF622C13E8F008F9019 /* AppDelegate.swift in Sources */ = {isa = PBXBuildFile; fileRef = A38DDEF522C13E8F008F9019 /* AppDelegate.swift */; };
		A38DDEFD22C13E8F008F9019 /* Main.storyboard in Resources */ = {isa = PBXBuildFile; fileRef = A38DDEFB22C13E8F008F9019 /* Main.storyboard */; };
		A38DDEFF22C13E8F008F9019 /* Assets.xcassets in Resources */ = {isa = PBXBuildFile; fileRef = A38DDEFE22C13E8F008F9019 /* Assets.xcassets */; };
		A38DDF0222C13E8F008F9019 /* LaunchScreen.storyboard in Resources */ = {isa = PBXBuildFile; fileRef = A38DDF0022C13E8F008F9019 /* LaunchScreen.storyboard */; };
		A38DDF0D22C1433B008F9019 /* Calanque.swift in Sources */ = {isa = PBXBuildFile; fileRef = A38DDF0C22C1433B008F9019 /* Calanque.swift */; };
		A38DDF0F22C14485008F9019 /* CalanqueCollection.swift in Sources */ = {isa = PBXBuildFile; fileRef = A38DDF0E22C14485008F9019 /* CalanqueCollection.swift */; };
		A38DDF1122C1457C008F9019 /* ControllerAvecTableView.swift in Sources */ = {isa = PBXBuildFile; fileRef = A38DDF1022C1457C008F9019 /* ControllerAvecTableView.swift */; };
		A38DDF1322C14592008F9019 /* ControllerAvecCarte.swift in Sources */ = {isa = PBXBuildFile; fileRef = A38DDF1222C14592008F9019 /* ControllerAvecCarte.swift */; };
		A38DDF1522C145AA008F9019 /* TableViewIntegreController.swift in Sources */ = {isa = PBXBuildFile; fileRef = A38DDF1422C145AA008F9019 /* TableViewIntegreController.swift */; };
		A38DDF1722C14B18008F9019 /* CalanqueCell.swift in Sources */ = {isa = PBXBuildFile; fileRef = A38DDF1622C14B18008F9019 /* CalanqueCell.swift */; };
		A38DDF1922C14EE5008F9019 /* ImageRonde.swift in Sources */ = {isa = PBXBuildFile; fileRef = A38DDF1822C14EE5008F9019 /* ImageRonde.swift */; };
		A38DDF1B22C155CA008F9019 /* CalanqueCellAlternative.swift in Sources */ = {isa = PBXBuildFile; fileRef = A38DDF1A22C155CA008F9019 /* CalanqueCellAlternative.swift */; };
		A38DDF1D22C1602C008F9019 /* DetailController.swift in Sources */ = {isa = PBXBuildFile; fileRef = A38DDF1C22C1602C008F9019 /* DetailController.swift */; };
		A38DDF1F22C16951008F9019 /* BoutonArrondi.swift in Sources */ = {isa = PBXBuildFile; fileRef = A38DDF1E22C16951008F9019 /* BoutonArrondi.swift */; };
		A38DDF2122C1745C008F9019 /* MonAnnotation.swift in Sources */ = {isa = PBXBuildFile; fileRef = A38DDF2022C1745C008F9019 /* MonAnnotation.swift */; };
		A38DDF2322C176EB008F9019 /* MonAnnotationView.swift in Sources */ = {isa = PBXBuildFile; fileRef = A38DDF2222C176EB008F9019 /* MonAnnotationView.swift */; };
/* End PBXBuildFile section */

/* Begin PBXFileReference section */
		A38DDEF222C13E8F008F9019 /* Les Calanques.app */ = {isa = PBXFileReference; explicitFileType = wrapper.application; includeInIndex = 0; path = "Les Calanques.app"; sourceTree = BUILT_PRODUCTS_DIR; };
		A38DDEF522C13E8F008F9019 /* AppDelegate.swift */ = {isa = PBXFileReference; lastKnownFileType = sourcecode.swift; path = AppDelegate.swift; sourceTree = "<group>"; };
		A38DDEFC22C13E8F008F9019 /* Base */ = {isa = PBXFileReference; lastKnownFileType = file.storyboard; name = Base; path = Base.lproj/Main.storyboard; sourceTree = "<group>"; };
		A38DDEFE22C13E8F008F9019 /* Assets.xcassets */ = {isa = PBXFileReference; lastKnownFileType = folder.assetcatalog; path = Assets.xcassets; sourceTree = "<group>"; };
		A38DDF0122C13E8F008F9019 /* Base */ = {isa = PBXFileReference; lastKnownFileType = file.storyboard; name = Base; path = Base.lproj/LaunchScreen.storyboard; sourceTree = "<group>"; };
		A38DDF0322C13E8F008F9019 /* Info.plist */ = {isa = PBXFileReference; lastKnownFileType = text.plist.xml; path = Info.plist; sourceTree = "<group>"; };
		A38DDF0C22C1433B008F9019 /* Calanque.swift */ = {isa = PBXFileReference; lastKnownFileType = sourcecode.swift; path = Calanque.swift; sourceTree = "<group>"; };
		A38DDF0E22C14485008F9019 /* CalanqueCollection.swift */ = {isa = PBXFileReference; lastKnownFileType = sourcecode.swift; path = CalanqueCollection.swift; sourceTree = "<group>"; };
		A38DDF1022C1457C008F9019 /* ControllerAvecTableView.swift */ = {isa = PBXFileReference; lastKnownFileType = sourcecode.swift; path = ControllerAvecTableView.swift; sourceTree = "<group>"; };
		A38DDF1222C14592008F9019 /* ControllerAvecCarte.swift */ = {isa = PBXFileReference; lastKnownFileType = sourcecode.swift; path = ControllerAvecCarte.swift; sourceTree = "<group>"; };
		A38DDF1422C145AA008F9019 /* TableViewIntegreController.swift */ = {isa = PBXFileReference; lastKnownFileType = sourcecode.swift; path = TableViewIntegreController.swift; sourceTree = "<group>"; };
		A38DDF1622C14B18008F9019 /* CalanqueCell.swift */ = {isa = PBXFileReference; lastKnownFileType = sourcecode.swift; path = CalanqueCell.swift; sourceTree = "<group>"; };
		A38DDF1822C14EE5008F9019 /* ImageRonde.swift */ = {isa = PBXFileReference; lastKnownFileType = sourcecode.swift; path = ImageRonde.swift; sourceTree = "<group>"; };
		A38DDF1A22C155CA008F9019 /* CalanqueCellAlternative.swift */ = {isa = PBXFileReference; lastKnownFileType = sourcecode.swift; path = CalanqueCellAlternative.swift; sourceTree = "<group>"; };
		A38DDF1C22C1602C008F9019 /* DetailController.swift */ = {isa = PBXFileReference; lastKnownFileType = sourcecode.swift; path = DetailController.swift; sourceTree = "<group>"; };
		A38DDF1E22C16951008F9019 /* BoutonArrondi.swift */ = {isa = PBXFileReference; lastKnownFileType = sourcecode.swift; path = BoutonArrondi.swift; sourceTree = "<group>"; };
		A38DDF2022C1745C008F9019 /* MonAnnotation.swift */ = {isa = PBXFileReference; lastKnownFileType = sourcecode.swift; path = MonAnnotation.swift; sourceTree = "<group>"; };
		A38DDF2222C176EB008F9019 /* MonAnnotationView.swift */ = {isa = PBXFileReference; lastKnownFileType = sourcecode.swift; path = MonAnnotationView.swift; sourceTree = "<group>"; };
/* End PBXFileReference section */

/* Begin PBXFrameworksBuildPhase section */
		A38DDEEF22C13E8F008F9019 /* Frameworks */ = {
			isa = PBXFrameworksBuildPhase;
			buildActionMask = 2147483647;
			files = (
			);
			runOnlyForDeploymentPostprocessing = 0;
		};
/* End PBXFrameworksBuildPhase section */

/* Begin PBXGroup section */
		A38DDEE922C13E8F008F9019 = {
			isa = PBXGroup;
			children = (
				A38DDEF422C13E8F008F9019 /* Les Calanques */,
				A38DDEF322C13E8F008F9019 /* Products */,
			);
			sourceTree = "<group>";
		};
		A38DDEF322C13E8F008F9019 /* Products */ = {
			isa = PBXGroup;
			children = (
				A38DDEF222C13E8F008F9019 /* Les Calanques.app */,
			);
			name = Products;
			sourceTree = "<group>";
		};
		A38DDEF422C13E8F008F9019 /* Les Calanques */ = {
			isa = PBXGroup;
			children = (
				A38DDF0922C14289008F9019 /* Modele */,
				A38DDF0A22C14293008F9019 /* Vue */,
				A38DDF0B22C1429A008F9019 /* Controller */,
				A38DDEF522C13E8F008F9019 /* AppDelegate.swift */,
				A38DDEFB22C13E8F008F9019 /* Main.storyboard */,
				A38DDEFE22C13E8F008F9019 /* Assets.xcassets */,
				A38DDF0022C13E8F008F9019 /* LaunchScreen.storyboard */,
				A38DDF0322C13E8F008F9019 /* Info.plist */,
			);
			path = "Les Calanques";
			sourceTree = "<group>";
		};
		A38DDF0922C14289008F9019 /* Modele */ = {
			isa = PBXGroup;
			children = (
				A38DDF0C22C1433B008F9019 /* Calanque.swift */,
				A38DDF0E22C14485008F9019 /* CalanqueCollection.swift */,
				A38DDF2022C1745C008F9019 /* MonAnnotation.swift */,
			);
			path = Modele;
			sourceTree = "<group>";
		};
		A38DDF0A22C14293008F9019 /* Vue */ = {
			isa = PBXGroup;
			children = (
				A38DDF1622C14B18008F9019 /* CalanqueCell.swift */,
				A38DDF1822C14EE5008F9019 /* ImageRonde.swift */,
				A38DDF1A22C155CA008F9019 /* CalanqueCellAlternative.swift */,
				A38DDF1E22C16951008F9019 /* BoutonArrondi.swift */,
				A38DDF2222C176EB008F9019 /* MonAnnotationView.swift */,
			);
			path = Vue;
			sourceTree = "<group>";
		};
		A38DDF0B22C1429A008F9019 /* Controller */ = {
			isa = PBXGroup;
			children = (
				A38DDF1022C1457C008F9019 /* ControllerAvecTableView.swift */,
				A38DDF1222C14592008F9019 /* ControllerAvecCarte.swift */,
				A38DDF1422C145AA008F9019 /* TableViewIntegreController.swift */,
				A38DDF1C22C1602C008F9019 /* DetailController.swift */,
			);
			path = Controller;
			sourceTree = "<group>";
		};
/* End PBXGroup section */

/* Begin PBXNativeTarget section */
		A38DDEF122C13E8F008F9019 /* Les Calanques */ = {
			isa = PBXNativeTarget;
			buildConfigurationList = A38DDF0622C13E8F008F9019 /* Build configuration list for PBXNativeTarget "Les Calanques" */;
			buildPhases = (
				A38DDEEE22C13E8F008F9019 /* Sources */,
				A38DDEEF22C13E8F008F9019 /* Frameworks */,
				A38DDEF022C13E8F008F9019 /* Resources */,
			);
			buildRules = (
			);
			dependencies = (
			);
			name = "Les Calanques";
			productName = "Les Calanques";
			productReference = A38DDEF222C13E8F008F9019 /* Les Calanques.app */;
			productType = "com.apple.product-type.application";
		};
/* End PBXNativeTarget section */

/* Begin PBXProject section */
		A38DDEEA22C13E8F008F9019 /* Project object */ = {
			isa = PBXProject;
			attributes = {
				LastSwiftUpdateCheck = 1020;
				LastUpgradeCheck = 1020;
				ORGANIZATIONNAME = "La Tropicom";
				TargetAttributes = {
					A38DDEF122C13E8F008F9019 = {
						CreatedOnToolsVersion = 10.2.1;
					};
				};
			};
			buildConfigurationList = A38DDEED22C13E8F008F9019 /* Build configuration list for PBXProject "Les Calanques" */;
			compatibilityVersion = "Xcode 9.3";
			developmentRegion = en;
			hasScannedForEncodings = 0;
			knownRegions = (
				en,
				Base,
			);
			mainGroup = A38DDEE922C13E8F008F9019;
			productRefGroup = A38DDEF322C13E8F008F9019 /* Products */;
			projectDirPath = "";
			projectRoot = "";
			targets = (
				A38DDEF122C13E8F008F9019 /* Les Calanques */,
			);
		};
/* End PBXProject section */

/* Begin PBXResourcesBuildPhase section */
		A38DDEF022C13E8F008F9019 /* Resources */ = {
			isa = PBXResourcesBuildPhase;
			buildActionMask = 2147483647;
			files = (
				A38DDF0222C13E8F008F9019 /* LaunchScreen.storyboard in Resources */,
				A38DDEFF22C13E8F008F9019 /* Assets.xcassets in Resources */,
				A38DDEFD22C13E8F008F9019 /* Main.storyboard in Resources */,
			);
			runOnlyForDeploymentPostprocessing = 0;
		};
/* End PBXResourcesBuildPhase section */

/* Begin PBXSourcesBuildPhase section */
		A38DDEEE22C13E8F008F9019 /* Sources */ = {
			isa = PBXSourcesBuildPhase;
			buildActionMask = 2147483647;
			files = (
				A38DDF1522C145AA008F9019 /* TableViewIntegreController.swift in Sources */,
				A38DDEF622C13E8F008F9019 /* AppDelegate.swift in Sources */,
				A38DDF1722C14B18008F9019 /* CalanqueCell.swift in Sources */,
				A38DDF2122C1745C008F9019 /* MonAnnotation.swift in Sources */,
				A38DDF0F22C14485008F9019 /* CalanqueCollection.swift in Sources */,
				A38DDF1F22C16951008F9019 /* BoutonArrondi.swift in Sources */,
				A38DDF1322C14592008F9019 /* ControllerAvecCarte.swift in Sources */,
				A38DDF1B22C155CA008F9019 /* CalanqueCellAlternative.swift in Sources */,
				A38DDF1122C1457C008F9019 /* ControllerAvecTableView.swift in Sources */,
				A38DDF1922C14EE5008F9019 /* ImageRonde.swift in Sources */,
				A38DDF1D22C1602C008F9019 /* DetailController.swift in Sources */,
				A38DDF2322C176EB008F9019 /* MonAnnotationView.swift in Sources */,
				A38DDF0D22C1433B008F9019 /* Calanque.swift in Sources */,
			);
			runOnlyForDeploymentPostprocessing = 0;
		};
/* End PBXSourcesBuildPhase section */

/* Begin PBXVariantGroup section */
		A38DDEFB22C13E8F008F9019 /* Main.storyboard */ = {
			isa = PBXVariantGroup;
			children = (
				A38DDEFC22C13E8F008F9019 /* Base */,
			);
			name = Main.storyboard;
			sourceTree = "<group>";
		};
		A38DDF0022C13E8F008F9019 /* LaunchScreen.storyboard */ = {
			isa = PBXVariantGroup;
			children = (
				A38DDF0122C13E8F008F9019 /* Base */,
			);
			name = LaunchScreen.storyboard;
			sourceTree = "<group>";
		};
/* End PBXVariantGroup section */

/* Begin XCBuildConfiguration section */
		A38DDF0422C13E8F008F9019 /* Debug */ = {
			isa = XCBuildConfiguration;
			buildSettings = {
				ALWAYS_SEARCH_USER_PATHS = NO;
				CLANG_ANALYZER_NONNULL = YES;
				CLANG_ANALYZER_NUMBER_OBJECT_CONVERSION = YES_AGGRESSIVE;
				CLANG_CXX_LANGUAGE_STANDARD = "gnu++14";
				CLANG_CXX_LIBRARY = "libc++";
				CLANG_ENABLE_MODULES = YES;
				CLANG_ENABLE_OBJC_ARC = YES;
				CLANG_ENABLE_OBJC_WEAK = YES;
				CLANG_WARN_BLOCK_CAPTURE_AUTORELEASING = YES;
				CLANG_WARN_BOOL_CONVERSION = YES;
				CLANG_WARN_COMMA = YES;
				CLANG_WARN_CONSTANT_CONVERSION = YES;
				CLANG_WARN_DEPRECATED_OBJC_IMPLEMENTATIONS = YES;
				CLANG_WARN_DIRECT_OBJC_ISA_USAGE = YES_ERROR;
				CLANG_WARN_DOCUMENTATION_COMMENTS = YES;
				CLANG_WARN_EMPTY_BODY = YES;
				CLANG_WARN_ENUM_CONVERSION = YES;
				CLANG_WARN_INFINITE_RECURSION = YES;
				CLANG_WARN_INT_CONVERSION = YES;
				CLANG_WARN_NON_LITERAL_NULL_CONVERSION = YES;
				CLANG_WARN_OBJC_IMPLICIT_RETAIN_SELF = YES;
				CLANG_WARN_OBJC_LITERAL_CONVERSION = YES;
				CLANG_WARN_OBJC_ROOT_CLASS = YES_ERROR;
				CLANG_WARN_RANGE_LOOP_ANALYSIS = YES;
				CLANG_WARN_STRICT_PROTOTYPES = YES;
				CLANG_WARN_SUSPICIOUS_MOVE = YES;
				CLANG_WARN_UNGUARDED_AVAILABILITY = YES_AGGRESSIVE;
				CLANG_WARN_UNREACHABLE_CODE = YES;
				CLANG_WARN__DUPLICATE_METHOD_MATCH = YES;
				CODE_SIGN_IDENTITY = "iPhone Developer";
				COPY_PHASE_STRIP = NO;
				DEBUG_INFORMATION_FORMAT = dwarf;
				ENABLE_STRICT_OBJC_MSGSEND = YES;
				ENABLE_TESTABILITY = YES;
				GCC_C_LANGUAGE_STANDARD = gnu11;
				GCC_DYNAMIC_NO_PIC = NO;
				GCC_NO_COMMON_BLOCKS = YES;
				GCC_OPTIMIZATION_LEVEL = 0;
				GCC_PREPROCESSOR_DEFINITIONS = (
					"DEBUG=1",
					"$(inherited)",
				);
				GCC_WARN_64_TO_32_BIT_CONVERSION = YES;
				GCC_WARN_ABOUT_RETURN_TYPE = YES_ERROR;
				GCC_WARN_UNDECLARED_SELECTOR = YES;
				GCC_WARN_UNINITIALIZED_AUTOS = YES_AGGRESSIVE;
				GCC_WARN_UNUSED_FUNCTION = YES;
				GCC_WARN_UNUSED_VARIABLE = YES;
				IPHONEOS_DEPLOYMENT_TARGET = 12.2;
				MTL_ENABLE_DEBUG_INFO = INCLUDE_SOURCE;
				MTL_FAST_MATH = YES;
				ONLY_ACTIVE_ARCH = YES;
				SDKROOT = iphoneos;
				SWIFT_ACTIVE_COMPILATION_CONDITIONS = DEBUG;
				SWIFT_OPTIMIZATION_LEVEL = "-Onone";
			};
			name = Debug;
		};
		A38DDF0522C13E8F008F9019 /* Release */ = {
			isa = XCBuildConfiguration;
			buildSettings = {
				ALWAYS_SEARCH_USER_PATHS = NO;
				CLANG_ANALYZER_NONNULL = YES;
				CLANG_ANALYZER_NUMBER_OBJECT_CONVERSION = YES_AGGRESSIVE;
				CLANG_CXX_LANGUAGE_STANDARD = "gnu++14";
				CLANG_CXX_LIBRARY = "libc++";
				CLANG_ENABLE_MODULES = YES;
				CLANG_ENABLE_OBJC_ARC = YES;
				CLANG_ENABLE_OBJC_WEAK = YES;
				CLANG_WARN_BLOCK_CAPTURE_AUTORELEASING = YES;
				CLANG_WARN_BOOL_CONVERSION = YES;
				CLANG_WARN_COMMA = YES;
				CLANG_WARN_CONSTANT_CONVERSION = YES;
				CLANG_WARN_DEPRECATED_OBJC_IMPLEMENTATIONS = YES;
				CLANG_WARN_DIRECT_OBJC_ISA_USAGE = YES_ERROR;
				CLANG_WARN_DOCUMENTATION_COMMENTS = YES;
				CLANG_WARN_EMPTY_BODY = YES;
				CLANG_WARN_ENUM_CONVERSION = YES;
				CLANG_WARN_INFINITE_RECURSION = YES;
				CLANG_WARN_INT_CONVERSION = YES;
				CLANG_WARN_NON_LITERAL_NULL_CONVERSION = YES;
				CLANG_WARN_OBJC_IMPLICIT_RETAIN_SELF = YES;
				CLANG_WARN_OBJC_LITERAL_CONVERSION = YES;
				CLANG_WARN_OBJC_ROOT_CLASS = YES_ERROR;
				CLANG_WARN_RANGE_LOOP_ANALYSIS = YES;
				CLANG_WARN_STRICT_PROTOTYPES = YES;
				CLANG_WARN_SUSPICIOUS_MOVE = YES;
				CLANG_WARN_UNGUARDED_AVAILABILITY = YES_AGGRESSIVE;
				CLANG_WARN_UNREACHABLE_CODE = YES;
				CLANG_WARN__DUPLICATE_METHOD_MATCH = YES;
				CODE_SIGN_IDENTITY = "iPhone Developer";
				COPY_PHASE_STRIP = NO;
				DEBUG_INFORMATION_FORMAT = "dwarf-with-dsym";
				ENABLE_NS_ASSERTIONS = NO;
				ENABLE_STRICT_OBJC_MSGSEND = YES;
				GCC_C_LANGUAGE_STANDARD = gnu11;
				GCC_NO_COMMON_BLOCKS = YES;
				GCC_WARN_64_TO_32_BIT_CONVERSION = YES;
				GCC_WARN_ABOUT_RETURN_TYPE = YES_ERROR;
				GCC_WARN_UNDECLARED_SELECTOR = YES;
				GCC_WARN_UNINITIALIZED_AUTOS = YES_AGGRESSIVE;
				GCC_WARN_UNUSED_FUNCTION = YES;
				GCC_WARN_UNUSED_VARIABLE = YES;
				IPHONEOS_DEPLOYMENT_TARGET = 12.2;
				MTL_ENABLE_DEBUG_INFO = NO;
				MTL_FAST_MATH = YES;
				SDKROOT = iphoneos;
				SWIFT_COMPILATION_MODE = wholemodule;
				SWIFT_OPTIMIZATION_LEVEL = "-O";
				VALIDATE_PRODUCT = YES;
			};
			name = Release;
		};
		A38DDF0722C13E8F008F9019 /* Debug */ = {
			isa = XCBuildConfiguration;
			buildSettings = {
				ASSETCATALOG_COMPILER_APPICON_NAME = AppIcon;
				CODE_SIGN_STYLE = Automatic;
				DEVELOPMENT_TEAM = GST7R8HMMY;
				INFOPLIST_FILE = "Les Calanques/Info.plist";
				LD_RUNPATH_SEARCH_PATHS = (
					"$(inherited)",
					"@executable_path/Frameworks",
				);
				PRODUCT_BUNDLE_IDENTIFIER = "latropicom.com.Les-Calanques";
				PRODUCT_NAME = "$(TARGET_NAME)";
				SWIFT_VERSION = 5.0;
				TARGETED_DEVICE_FAMILY = "1,2";
			};
			name = Debug;
		};
		A38DDF0822C13E8F008F9019 /* Release */ = {
			isa = XCBuildConfiguration;
			buildSettings = {
				ASSETCATALOG_COMPILER_APPICON_NAME = AppIcon;
				CODE_SIGN_STYLE = Automatic;
				DEVELOPMENT_TEAM = GST7R8HMMY;
				INFOPLIST_FILE = "Les Calanques/Info.plist";
				LD_RUNPATH_SEARCH_PATHS = (
					"$(inherited)",
					"@executable_path/Frameworks",
				);
				PRODUCT_BUNDLE_IDENTIFIER = "latropicom.com.Les-Calanques";
				PRODUCT_NAME = "$(TARGET_NAME)";
				SWIFT_VERSION = 5.0;
				TARGETED_DEVICE_FAMILY = "1,2";
			};
			name = Release;
		};
/* End XCBuildConfiguration section */

/* Begin XCConfigurationList section */
		A38DDEED22C13E8F008F9019 /* Build configuration list for PBXProject "Les Calanques" */ = {
			isa = XCConfigurationList;
			buildConfigurations = (
				A38DDF0422C13E8F008F9019 /* Debug */,
				A38DDF0522C13E8F008F9019 /* Release */,
			);
			defaultConfigurationIsVisible = 0;
			defaultConfigurationName = Release;
		};
		A38DDF0622C13E8F008F9019 /* Build configuration list for PBXNativeTarget "Les Calanques" */ = {
			isa = XCConfigurationList;
			buildConfigurations = (
				A38DDF0722C13E8F008F9019 /* Debug */,
				A38DDF0822C13E8F008F9019 /* Release */,
			);
			defaultConfigurationIsVisible = 0;
			defaultConfigurationName = Release;
		};
/* End XCConfigurationList section */
	};
	rootObject = A38DDEEA22C13E8F008F9019 /* Project object */;
}
